// !$*UTF8*$!
{
	archiveVersion = 1;
	classes = {
	};
	objectVersion = 56;
	objects = {

/* Begin PBXBuildFile section */
		3E99C5AB41B02332BA41F34B /* BookingModels.swift in Sources */ = {isa = PBXBuildFile; fileRef = 48D05F1798C164AC4FF87C2A /* BookingModels.swift */; };
		5CE36A5B86F166AB8F2404FA /* BookingRepositoryTests.swift in Sources */ = {isa = PBXBuildFile; fileRef = 9AC6ED1E3E0C8833694070BD /* BookingRepositoryTests.swift */; };
		A00000000000000000000011 /* KilatRunnerApp.swift in Sources */ = {isa = PBXBuildFile; fileRef = A00000000000000000000001 /* KilatRunnerApp.swift */; };
		A00000000000000000000012 /* AppEnvironment.swift in Sources */ = {isa = PBXBuildFile; fileRef = A00000000000000000000002 /* AppEnvironment.swift */; };
		A00000000000000000000013 /* AppSession.swift in Sources */ = {isa = PBXBuildFile; fileRef = A00000000000000000000003 /* AppSession.swift */; };
		A00000000000000000000014 /* RootView.swift in Sources */ = {isa = PBXBuildFile; fileRef = A00000000000000000000004 /* RootView.swift */; };
		A00000000000000000000015 /* Assets.xcassets in Resources */ = {isa = PBXBuildFile; fileRef = A00000000000000000000006 /* Assets.xcassets */; };
		A00000000000000000000016 /* KilatRunnerTests.swift in Sources */ = {isa = PBXBuildFile; fileRef = A00000000000000000000008 /* KilatRunnerTests.swift */; };
		A00000000000000000000111 /* HTTPMethod.swift in Sources */ = {isa = PBXBuildFile; fileRef = A00000000000000000000101 /* HTTPMethod.swift */; };
		A00000000000000000000112 /* APIEndpoint.swift in Sources */ = {isa = PBXBuildFile; fileRef = A00000000000000000000102 /* APIEndpoint.swift */; };
		A00000000000000000000113 /* NetworkError.swift in Sources */ = {isa = PBXBuildFile; fileRef = A00000000000000000000103 /* NetworkError.swift */; };
		A00000000000000000000114 /* KeychainStore.swift in Sources */ = {isa = PBXBuildFile; fileRef = A00000000000000000000104 /* KeychainStore.swift */; };
		A00000000000000000000115 /* KeychainStoreTests.swift in Sources */ = {isa = PBXBuildFile; fileRef = A00000000000000000000105 /* KeychainStoreTests.swift */; };
		A00000000000000000000116 /* MockURLProtocol.swift in Sources */ = {isa = PBXBuildFile; fileRef = A00000000000000000000106 /* MockURLProtocol.swift */; };
		A00000000000000000000117 /* APIClient.swift in Sources */ = {isa = PBXBuildFile; fileRef = A00000000000000000000107 /* APIClient.swift */; };
		A00000000000000000000118 /* APIClientTests.swift in Sources */ = {isa = PBXBuildFile; fileRef = A00000000000000000000108 /* APIClientTests.swift */; };
		A00000000000000000000119 /* AuthInterceptor.swift in Sources */ = {isa = PBXBuildFile; fileRef = A00000000000000000000109 /* AuthInterceptor.swift */; };
		A0000000000000000000011A /* AuthInterceptorTests.swift in Sources */ = {isa = PBXBuildFile; fileRef = A0000000000000000000010A /* AuthInterceptorTests.swift */; };
		A0000000000000000000011B /* AuthModels.swift in Sources */ = {isa = PBXBuildFile; fileRef = A0000000000000000000010B /* AuthModels.swift */; };
		A0000000000000000000011C /* AuthRepository.swift in Sources */ = {isa = PBXBuildFile; fileRef = A0000000000000000000010C /* AuthRepository.swift */; };
		A0000000000000000000011D /* AuthRepositoryTests.swift in Sources */ = {isa = PBXBuildFile; fileRef = A0000000000000000000010D /* AuthRepositoryTests.swift */; };
		A0000000000000000000011E /* LoginViewModel.swift in Sources */ = {isa = PBXBuildFile; fileRef = A0000000000000000000010E /* LoginViewModel.swift */; };
		A0000000000000000000011F /* LoginViewModelTests.swift in Sources */ = {isa = PBXBuildFile; fileRef = A0000000000000000000010F /* LoginViewModelTests.swift */; };
		A0000000000000000000012A /* LoginView.swift in Sources */ = {isa = PBXBuildFile; fileRef = A0000000000000000000012B /* LoginView.swift */; };
		A00000000000000000000134 /* RunnerModels.swift in Sources */ = {isa = PBXBuildFile; fileRef = A00000000000000000000131 /* RunnerModels.swift */; };
		A00000000000000000000135 /* RunnerRepository.swift in Sources */ = {isa = PBXBuildFile; fileRef = A00000000000000000000132 /* RunnerRepository.swift */; };
		A00000000000000000000136 /* RunnerRepositoryTests.swift in Sources */ = {isa = PBXBuildFile; fileRef = A00000000000000000000133 /* RunnerRepositoryTests.swift */; };
		A0000000000000000000013B /* DashboardViewModel.swift in Sources */ = {isa = PBXBuildFile; fileRef = A00000000000000000000139 /* DashboardViewModel.swift */; };
		A0000000000000000000013C /* DashboardViewModelTests.swift in Sources */ = {isa = PBXBuildFile; fileRef = A0000000000000000000013A /* DashboardViewModelTests.swift */; };
		A0000000000000000000013F /* DashboardView.swift in Sources */ = {isa = PBXBuildFile; fileRef = A0000000000000000000013D /* DashboardView.swift */; };
		A0000000000000000000014A /* PermissionRationaleSheet.swift in Sources */ = {isa = PBXBuildFile; fileRef = A0000000000000000000013E /* PermissionRationaleSheet.swift */; };
		DB095217962F9A0A47957E6A /* BookingRepository.swift in Sources */ = {isa = PBXBuildFile; fileRef = 80705C0875BC5231B538FDFF /* BookingRepository.swift */; };
		B100000000000000B1000002 /* AvailableJobsViewModel.swift in Sources */ = {isa = PBXBuildFile; fileRef = B100000000000000B1000001 /* AvailableJobsViewModel.swift */; };
		B100000000000000B1000004 /* AvailableJobsView.swift in Sources */ = {isa = PBXBuildFile; fileRef = B100000000000000B1000003 /* AvailableJobsView.swift */; };
		B200000000000000B2000002 /* AvailableJobsViewModelTests.swift in Sources */ = {isa = PBXBuildFile; fileRef = B200000000000000B2000001 /* AvailableJobsViewModelTests.swift */; };
/* End PBXBuildFile section */

/* Begin PBXContainerItemProxy section */
		A00000000000000000000017 /* PBXContainerItemProxy */ = {
			isa = PBXContainerItemProxy;
			containerPortal = A00000000000000000000030 /* Project object */;
			proxyType = 1;
			remoteGlobalIDString = A00000000000000000000040;
			remoteInfo = KilatRunner;
		};
/* End PBXContainerItemProxy section */

/* Begin PBXFileReference section */
		48D05F1798C164AC4FF87C2A /* BookingModels.swift */ = {isa = PBXFileReference; includeInIndex = 1; lastKnownFileType = sourcecode.swift; path = BookingModels.swift; sourceTree = "<group>"; };
		80705C0875BC5231B538FDFF /* BookingRepository.swift */ = {isa = PBXFileReference; includeInIndex = 1; lastKnownFileType = sourcecode.swift; path = BookingRepository.swift; sourceTree = "<group>"; };
		9AC6ED1E3E0C8833694070BD /* BookingRepositoryTests.swift */ = {isa = PBXFileReference; includeInIndex = 1; lastKnownFileType = sourcecode.swift; path = BookingRepositoryTests.swift; sourceTree = "<group>"; };
		B100000000000000B1000001 /* AvailableJobsViewModel.swift */ = {isa = PBXFileReference; includeInIndex = 1; lastKnownFileType = sourcecode.swift; path = AvailableJobsViewModel.swift; sourceTree = "<group>"; };
		B100000000000000B1000003 /* AvailableJobsView.swift */ = {isa = PBXFileReference; includeInIndex = 1; lastKnownFileType = sourcecode.swift; path = AvailableJobsView.swift; sourceTree = "<group>"; };
		B200000000000000B2000001 /* AvailableJobsViewModelTests.swift */ = {isa = PBXFileReference; includeInIndex = 1; lastKnownFileType = sourcecode.swift; path = AvailableJobsViewModelTests.swift; sourceTree = "<group>"; };
		A00000000000000000000001 /* KilatRunnerApp.swift */ = {isa = PBXFileReference; lastKnownFileType = sourcecode.swift; path = KilatRunnerApp.swift; sourceTree = "<group>"; };
		A00000000000000000000002 /* AppEnvironment.swift */ = {isa = PBXFileReference; lastKnownFileType = sourcecode.swift; path = AppEnvironment.swift; sourceTree = "<group>"; };
		A00000000000000000000003 /* AppSession.swift */ = {isa = PBXFileReference; lastKnownFileType = sourcecode.swift; path = AppSession.swift; sourceTree = "<group>"; };
		A00000000000000000000004 /* RootView.swift */ = {isa = PBXFileReference; lastKnownFileType = sourcecode.swift; path = RootView.swift; sourceTree = "<group>"; };
		A00000000000000000000005 /* Info.plist */ = {isa = PBXFileReference; lastKnownFileType = text.plist.xml; path = Info.plist; sourceTree = "<group>"; };
		A00000000000000000000006 /* Assets.xcassets */ = {isa = PBXFileReference; lastKnownFileType = folder.assetcatalog; path = Assets.xcassets; sourceTree = "<group>"; };
		A00000000000000000000007 /* KilatRunner.app */ = {isa = PBXFileReference; explicitFileType = wrapper.application; includeInIndex = 0; path = KilatRunner.app; sourceTree = BUILT_PRODUCTS_DIR; };
		A00000000000000000000008 /* KilatRunnerTests.swift */ = {isa = PBXFileReference; lastKnownFileType = sourcecode.swift; path = KilatRunnerTests.swift; sourceTree = "<group>"; };
		A00000000000000000000009 /* KilatRunnerTests.xctest */ = {isa = PBXFileReference; explicitFileType = wrapper.cfbundle; includeInIndex = 0; path = KilatRunnerTests.xctest; sourceTree = BUILT_PRODUCTS_DIR; };
		A00000000000000000000101 /* HTTPMethod.swift */ = {isa = PBXFileReference; lastKnownFileType = sourcecode.swift; path = HTTPMethod.swift; sourceTree = "<group>"; };
		A00000000000000000000102 /* APIEndpoint.swift */ = {isa = PBXFileReference; lastKnownFileType = sourcecode.swift; path = APIEndpoint.swift; sourceTree = "<group>"; };
		A00000000000000000000103 /* NetworkError.swift */ = {isa = PBXFileReference; lastKnownFileType = sourcecode.swift; path = NetworkError.swift; sourceTree = "<group>"; };
		A00000000000000000000104 /* KeychainStore.swift */ = {isa = PBXFileReference; lastKnownFileType = sourcecode.swift; path = KeychainStore.swift; sourceTree = "<group>"; };
		A00000000000000000000105 /* KeychainStoreTests.swift */ = {isa = PBXFileReference; lastKnownFileType = sourcecode.swift; path = KeychainStoreTests.swift; sourceTree = "<group>"; };
		A00000000000000000000106 /* MockURLProtocol.swift */ = {isa = PBXFileReference; lastKnownFileType = sourcecode.swift; path = MockURLProtocol.swift; sourceTree = "<group>"; };
		A00000000000000000000107 /* APIClient.swift */ = {isa = PBXFileReference; lastKnownFileType = sourcecode.swift; path = APIClient.swift; sourceTree = "<group>"; };
		A00000000000000000000108 /* APIClientTests.swift */ = {isa = PBXFileReference; lastKnownFileType = sourcecode.swift; path = APIClientTests.swift; sourceTree = "<group>"; };
		A00000000000000000000109 /* AuthInterceptor.swift */ = {isa = PBXFileReference; lastKnownFileType = sourcecode.swift; path = AuthInterceptor.swift; sourceTree = "<group>"; };
		A0000000000000000000010A /* AuthInterceptorTests.swift */ = {isa = PBXFileReference; lastKnownFileType = sourcecode.swift; path = AuthInterceptorTests.swift; sourceTree = "<group>"; };
		A0000000000000000000010B /* AuthModels.swift */ = {isa = PBXFileReference; lastKnownFileType = sourcecode.swift; path = AuthModels.swift; sourceTree = "<group>"; };
		A0000000000000000000010C /* AuthRepository.swift */ = {isa = PBXFileReference; lastKnownFileType = sourcecode.swift; path = AuthRepository.swift; sourceTree = "<group>"; };
		A0000000000000000000010D /* AuthRepositoryTests.swift */ = {isa = PBXFileReference; lastKnownFileType = sourcecode.swift; path = AuthRepositoryTests.swift; sourceTree = "<group>"; };
		A0000000000000000000010E /* LoginViewModel.swift */ = {isa = PBXFileReference; lastKnownFileType = sourcecode.swift; path = LoginViewModel.swift; sourceTree = "<group>"; };
		A0000000000000000000010F /* LoginViewModelTests.swift */ = {isa = PBXFileReference; lastKnownFileType = sourcecode.swift; path = LoginViewModelTests.swift; sourceTree = "<group>"; };
		A0000000000000000000012B /* LoginView.swift */ = {isa = PBXFileReference; lastKnownFileType = sourcecode.swift; path = LoginView.swift; sourceTree = "<group>"; };
		A00000000000000000000131 /* RunnerModels.swift */ = {isa = PBXFileReference; lastKnownFileType = sourcecode.swift; path = RunnerModels.swift; sourceTree = "<group>"; };
		A00000000000000000000132 /* RunnerRepository.swift */ = {isa = PBXFileReference; lastKnownFileType = sourcecode.swift; path = RunnerRepository.swift; sourceTree = "<group>"; };
		A00000000000000000000133 /* RunnerRepositoryTests.swift */ = {isa = PBXFileReference; lastKnownFileType = sourcecode.swift; path = RunnerRepositoryTests.swift; sourceTree = "<group>"; };
		A00000000000000000000139 /* DashboardViewModel.swift */ = {isa = PBXFileReference; lastKnownFileType = sourcecode.swift; path = DashboardViewModel.swift; sourceTree = "<group>"; };
		A0000000000000000000013A /* DashboardViewModelTests.swift */ = {isa = PBXFileReference; lastKnownFileType = sourcecode.swift; path = DashboardViewModelTests.swift; sourceTree = "<group>"; };
		A0000000000000000000013D /* DashboardView.swift */ = {isa = PBXFileReference; lastKnownFileType = sourcecode.swift; path = DashboardView.swift; sourceTree = "<group>"; };
		A0000000000000000000013E /* PermissionRationaleSheet.swift */ = {isa = PBXFileReference; lastKnownFileType = sourcecode.swift; path = PermissionRationaleSheet.swift; sourceTree = "<group>"; };
/* End PBXFileReference section */

/* Begin PBXFrameworksBuildPhase section */
		A00000000000000000000018 /* Frameworks */ = {
			isa = PBXFrameworksBuildPhase;
			buildActionMask = 2147483647;
			files = (
			);
			runOnlyForDeploymentPostprocessing = 0;
		};
		A00000000000000000000019 /* Frameworks */ = {
			isa = PBXFrameworksBuildPhase;
			buildActionMask = 2147483647;
			files = (
			);
			runOnlyForDeploymentPostprocessing = 0;
		};
/* End PBXFrameworksBuildPhase section */

/* Begin PBXGroup section */
		A00000000000000000000020 = {
			isa = PBXGroup;
			children = (
				A00000000000000000000021 /* KilatRunner */,
				A00000000000000000000028 /* KilatRunnerTests */,
				A00000000000000000000029 /* Products */,
			);
			sourceTree = "<group>";
		};
		A00000000000000000000021 /* KilatRunner */ = {
			isa = PBXGroup;
			children = (
				A00000000000000000000022 /* App */,
				A00000000000000000000120 /* Core */,
				A00000000000000000000124 /* Features */,
				A00000000000000000000025 /* Resources */,
			);
			path = KilatRunner;
			sourceTree = "<group>";
		};
		A00000000000000000000022 /* App */ = {
			isa = PBXGroup;
			children = (
				A00000000000000000000001 /* KilatRunnerApp.swift */,
				A00000000000000000000002 /* AppEnvironment.swift */,
				A00000000000000000000003 /* AppSession.swift */,
				A00000000000000000000004 /* RootView.swift */,
			);
			path = App;
			sourceTree = "<group>";
		};
		A00000000000000000000025 /* Resources */ = {
			isa = PBXGroup;
			children = (
				A00000000000000000000005 /* Info.plist */,
				A00000000000000000000006 /* Assets.xcassets */,
			);
			path = Resources;
			sourceTree = "<group>";
		};
		A00000000000000000000028 /* KilatRunnerTests */ = {
			isa = PBXGroup;
			children = (
				A00000000000000000000123 /* Core */,
				A00000000000000000000126 /* Features */,
				A00000000000000000000008 /* KilatRunnerTests.swift */,
			);
			path = KilatRunnerTests;
			sourceTree = "<group>";
		};
		A00000000000000000000029 /* Products */ = {
			isa = PBXGroup;
			children = (
				A00000000000000000000007 /* KilatRunner.app */,
				A00000000000000000000009 /* KilatRunnerTests.xctest */,
			);
			name = Products;
			sourceTree = "<group>";
		};
		A00000000000000000000120 /* Core */ = {
			isa = PBXGroup;
			children = (
				A00000000000000000000121 /* Network */,
				A00000000000000000000122 /* Storage */,
			);
			path = Core;
			sourceTree = "<group>";
		};
		A00000000000000000000121 /* Network */ = {
			isa = PBXGroup;
			children = (
				A00000000000000000000101 /* HTTPMethod.swift */,
				A00000000000000000000102 /* APIEndpoint.swift */,
				A00000000000000000000103 /* NetworkError.swift */,
				A00000000000000000000107 /* APIClient.swift */,
				A00000000000000000000109 /* AuthInterceptor.swift */,
			);
			path = Network;
			sourceTree = "<group>";
		};
		A00000000000000000000122 /* Storage */ = {
			isa = PBXGroup;
			children = (
				A00000000000000000000104 /* KeychainStore.swift */,
			);
			path = Storage;
			sourceTree = "<group>";
		};
		A00000000000000000000123 /* Core */ = {
			isa = PBXGroup;
			children = (
				A00000000000000000000105 /* KeychainStoreTests.swift */,
				A00000000000000000000106 /* MockURLProtocol.swift */,
				A00000000000000000000108 /* APIClientTests.swift */,
				A0000000000000000000010A /* AuthInterceptorTests.swift */,
			);
			path = Core;
			sourceTree = "<group>";
		};
		A00000000000000000000124 /* Features */ = {
			isa = PBXGroup;
			children = (
				A00000000000000000000125 /* Auth */,
				A00000000000000000000137 /* Dashboard */,
				BC1C56524F3A90AAD1DED878 /* Jobs */,
			);
			path = Features;
			sourceTree = "<group>";
		};
		A00000000000000000000125 /* Auth */ = {
			isa = PBXGroup;
			children = (
				A0000000000000000000010B /* AuthModels.swift */,
				A0000000000000000000010C /* AuthRepository.swift */,
				A0000000000000000000010E /* LoginViewModel.swift */,
				A0000000000000000000012B /* LoginView.swift */,
			);
			path = Auth;
			sourceTree = "<group>";
		};
		A00000000000000000000126 /* Features */ = {
			isa = PBXGroup;
			children = (
				A00000000000000000000138 /* Dashboard */,
				A0000000000000000000010D /* AuthRepositoryTests.swift */,
				A0000000000000000000010F /* LoginViewModelTests.swift */,
				B2934FEA376F9712C6C98AAF /* Jobs */,
			);
			path = Features;
			sourceTree = "<group>";
		};
		A00000000000000000000137 /* Dashboard */ = {
			isa = PBXGroup;
			children = (
				A00000000000000000000131 /* RunnerModels.swift */,
				A00000000000000000000132 /* RunnerRepository.swift */,
				A00000000000000000000139 /* DashboardViewModel.swift */,
				A0000000000000000000013D /* DashboardView.swift */,
				A0000000000000000000013E /* PermissionRationaleSheet.swift */,
			);
			path = Dashboard;
			sourceTree = "<group>";
		};
		A00000000000000000000138 /* Dashboard */ = {
			isa = PBXGroup;
			children = (
				A00000000000000000000133 /* RunnerRepositoryTests.swift */,
				A0000000000000000000013A /* DashboardViewModelTests.swift */,
			);
			path = Dashboard;
			sourceTree = "<group>";
		};
		B2934FEA376F9712C6C98AAF /* Jobs */ = {
			isa = PBXGroup;
			children = (
				9AC6ED1E3E0C8833694070BD /* BookingRepositoryTests.swift */,
				B200000000000000B2000001 /* AvailableJobsViewModelTests.swift */,
			);
			name = Jobs;
			path = Jobs;
			sourceTree = "<group>";
		};
		BC1C56524F3A90AAD1DED878 /* Jobs */ = {
			isa = PBXGroup;
			children = (
				48D05F1798C164AC4FF87C2A /* BookingModels.swift */,
				80705C0875BC5231B538FDFF /* BookingRepository.swift */,
				B100000000000000B1000001 /* AvailableJobsViewModel.swift */,
				B100000000000000B1000003 /* AvailableJobsView.swift */,
			);
			name = Jobs;
			path = Jobs;
			sourceTree = "<group>";
		};
/* End PBXGroup section */

/* Begin PBXNativeTarget section */
		A00000000000000000000040 /* KilatRunner */ = {
			isa = PBXNativeTarget;
			buildConfigurationList = A00000000000000000000060 /* Build configuration list for PBXNativeTarget "KilatRunner" */;
			buildPhases = (
				A00000000000000000000041 /* Sources */,
				A00000000000000000000018 /* Frameworks */,
				A00000000000000000000042 /* Resources */,
			);
			buildRules = (
			);
			dependencies = (
			);
			name = KilatRunner;
			productName = KilatRunner;
			productReference = A00000000000000000000007 /* KilatRunner.app */;
			productType = "com.apple.product-type.application";
		};
		A00000000000000000000043 /* KilatRunnerTests */ = {
			isa = PBXNativeTarget;
			buildConfigurationList = A00000000000000000000070 /* Build configuration list for PBXNativeTarget "KilatRunnerTests" */;
			buildPhases = (
				A00000000000000000000044 /* Sources */,
				A00000000000000000000019 /* Frameworks */,
				A00000000000000000000045 /* Resources */,
			);
			buildRules = (
			);
			dependencies = (
				A00000000000000000000046 /* PBXTargetDependency */,
			);
			name = KilatRunnerTests;
			productName = KilatRunnerTests;
			productReference = A00000000000000000000009 /* KilatRunnerTests.xctest */;
			productType = "com.apple.product-type.bundle.unit-test";
		};
/* End PBXNativeTarget section */

/* Begin PBXProject section */
		A00000000000000000000030 /* Project object */ = {
			isa = PBXProject;
			attributes = {
				BuildIndependentTargetsInParallel = YES;
				LastSwiftUpdateCheck = 1500;
				LastUpgradeCheck = 1500;
				TargetAttributes = {
					A00000000000000000000040 = {
						CreatedOnToolsVersion = 15.0;
					};
					A00000000000000000000043 = {
						CreatedOnToolsVersion = 15.0;
						TestTargetID = A00000000000000000000040;
					};
				};
			};
			buildConfigurationList = A00000000000000000000050 /* Build configuration list for PBXProject "KilatRunner" */;
			compatibilityVersion = "Xcode 14.0";
			developmentRegion = en;
			hasScannedForEncodings = 0;
			knownRegions = (
				en,
				Base,
			);
			mainGroup = A00000000000000000000020;
			productRefGroup = A00000000000000000000029 /* Products */;
			projectDirPath = "";
			projectRoot = "";
			targets = (
				A00000000000000000000040 /* KilatRunner */,
				A00000000000000000000043 /* KilatRunnerTests */,
			);
		};
/* End PBXProject section */

/* Begin PBXResourcesBuildPhase section */
		A00000000000000000000042 /* Resources */ = {
			isa = PBXResourcesBuildPhase;
			buildActionMask = 2147483647;
			files = (
				A00000000000000000000015 /* Assets.xcassets in Resources */,
			);
			runOnlyForDeploymentPostprocessing = 0;
		};
		A00000000000000000000045 /* Resources */ = {
			isa = PBXResourcesBuildPhase;
			buildActionMask = 2147483647;
			files = (
			);
			runOnlyForDeploymentPostprocessing = 0;
		};
/* End PBXResourcesBuildPhase section */

/* Begin PBXSourcesBuildPhase section */
		A00000000000000000000041 /* Sources */ = {
			isa = PBXSourcesBuildPhase;
			buildActionMask = 2147483647;
			files = (
				A00000000000000000000011 /* KilatRunnerApp.swift in Sources */,
				A00000000000000000000012 /* AppEnvironment.swift in Sources */,
				A00000000000000000000013 /* AppSession.swift in Sources */,
				A00000000000000000000014 /* RootView.swift in Sources */,
				A00000000000000000000111 /* HTTPMethod.swift in Sources */,
				A00000000000000000000112 /* APIEndpoint.swift in Sources */,
				A00000000000000000000113 /* NetworkError.swift in Sources */,
				A00000000000000000000114 /* KeychainStore.swift in Sources */,
				A00000000000000000000117 /* APIClient.swift in Sources */,
				A00000000000000000000119 /* AuthInterceptor.swift in Sources */,
				A0000000000000000000011B /* AuthModels.swift in Sources */,
				A0000000000000000000011C /* AuthRepository.swift in Sources */,
				A0000000000000000000011E /* LoginViewModel.swift in Sources */,
				A0000000000000000000012A /* LoginView.swift in Sources */,
				A00000000000000000000134 /* RunnerModels.swift in Sources */,
				A00000000000000000000135 /* RunnerRepository.swift in Sources */,
				A0000000000000000000013B /* DashboardViewModel.swift in Sources */,
				A0000000000000000000013F /* DashboardView.swift in Sources */,
				A0000000000000000000014A /* PermissionRationaleSheet.swift in Sources */,
				3E99C5AB41B02332BA41F34B /* BookingModels.swift in Sources */,
				DB095217962F9A0A47957E6A /* BookingRepository.swift in Sources */,
				B100000000000000B1000002 /* AvailableJobsViewModel.swift in Sources */,
				B100000000000000B1000004 /* AvailableJobsView.swift in Sources */,
			);
			runOnlyForDeploymentPostprocessing = 0;
		};
		A00000000000000000000044 /* Sources */ = {
			isa = PBXSourcesBuildPhase;
			buildActionMask = 2147483647;
			files = (
				A00000000000000000000016 /* KilatRunnerTests.swift in Sources */,
				A00000000000000000000115 /* KeychainStoreTests.swift in Sources */,
				A00000000000000000000116 /* MockURLProtocol.swift in Sources */,
				A00000000000000000000118 /* APIClientTests.swift in Sources */,
				A0000000000000000000011A /* AuthInterceptorTests.swift in Sources */,
				A0000000000000000000011D /* AuthRepositoryTests.swift in Sources */,
				A0000000000000000000011F /* LoginViewModelTests.swift in Sources */,
				A00000000000000000000136 /* RunnerRepositoryTests.swift in Sources */,
				A0000000000000000000013C /* DashboardViewModelTests.swift in Sources */,
				5CE36A5B86F166AB8F2404FA /* BookingRepositoryTests.swift in Sources */,
				B200000000000000B2000002 /* AvailableJobsViewModelTests.swift in Sources */,
			);
			runOnlyForDeploymentPostprocessing = 0;
		};
/* End PBXSourcesBuildPhase section */

/* Begin PBXTargetDependency section */
		A00000000000000000000046 /* PBXTargetDependency */ = {
			isa = PBXTargetDependency;
			target = A00000000000000000000040 /* KilatRunner */;
			targetProxy = A00000000000000000000017 /* PBXContainerItemProxy */;
		};
/* End PBXTargetDependency section */

/* Begin XCBuildConfiguration section */
		A00000000000000000000051 /* Debug */ = {
			isa = XCBuildConfiguration;
			buildSettings = {
				ALWAYS_SEARCH_USER_PATHS = NO;
				CLANG_ANALYZER_NONNULL = YES;
				CLANG_ANALYZER_NUMBER_OBJECT_CONVERSION = YES_AGGRESSIVE;
				CLANG_CXX_LANGUAGE_STANDARD = "gnu++20";
				CLANG_ENABLE_MODULES = YES;
				CLANG_ENABLE_OBJC_ARC = YES;
				CLANG_ENABLE_OBJC_WEAK = YES;
				CLANG_WARN_BLOCK_CAPTURE_AUTORELEASING = YES;
				CLANG_WARN_BOOL_CONVERSION = YES;
				CLANG_WARN_COMMA = YES;
				CLANG_WARN_CONSTANT_CONVERSION = YES;
				CLANG_WARN_DEPRECATED_OBJC_IMPLEMENTATIONS = YES;
				CLANG_WARN_DIRECT_OBJC_ISA_USAGE = YES_ERROR;
				CLANG_WARN_DOCUMENTATION_COMMENTS = YES;
				CLANG_WARN_EMPTY_BODY = YES;
				CLANG_WARN_ENUM_CONVERSION = YES;
				CLANG_WARN_INFINITE_RECURSION = YES;
				CLANG_WARN_INT_CONVERSION = YES;
				CLANG_WARN_NON_LITERAL_NULL_CONVERSION = YES;
				CLANG_WARN_OBJC_IMPLICIT_RETAIN_SELF = YES;
				CLANG_WARN_OBJC_LITERAL_CONVERSION = YES;
				CLANG_WARN_OBJC_ROOT_CLASS = YES_ERROR;
				CLANG_WARN_QUOTED_INCLUDE_IN_FRAMEWORK_HEADER = YES;
				CLANG_WARN_RANGE_LOOP_ANALYSIS = YES;
				CLANG_WARN_STRICT_PROTOTYPES = YES;
				CLANG_WARN_SUSPICIOUS_MOVE = YES;
				CLANG_WARN_UNGUARDED_AVAILABILITY = YES_AGGRESSIVE;
				CLANG_WARN_UNREACHABLE_CODE = YES;
				CLANG_WARN__DUPLICATE_METHOD_MATCH = YES;
				COPY_PHASE_STRIP = NO;
				DEBUG_INFORMATION_FORMAT = dwarf;
				ENABLE_STRICT_OBJC_MSGSEND = YES;
				ENABLE_TESTABILITY = YES;
				ENABLE_USER_SCRIPT_SANDBOXING = YES;
				GCC_C_LANGUAGE_STANDARD = gnu17;
				GCC_DYNAMIC_NO_PIC = NO;
				GCC_NO_COMMON_BLOCKS = YES;
				GCC_OPTIMIZATION_LEVEL = 0;
				GCC_PREPROCESSOR_DEFINITIONS = (
					"DEBUG=1",
					"$(inherited)",
				);
				GCC_WARN_64_TO_32_BIT_CONVERSION = YES;
				GCC_WARN_ABOUT_RETURN_TYPE = YES_ERROR;
				GCC_WARN_UNDECLARED_SELECTOR = YES;
				GCC_WARN_UNINITIALIZED_AUTOS = YES_AGGRESSIVE;
				GCC_WARN_UNUSED_FUNCTION = YES;
				GCC_WARN_UNUSED_VARIABLE = YES;
				IPHONEOS_DEPLOYMENT_TARGET = 17.0;
				SDKROOT = iphoneos;
				SWIFT_ACTIVE_COMPILATION_CONDITIONS = DEBUG;
				SWIFT_OPTIMIZATION_LEVEL = "-Onone";
			};
			name = Debug;
		};
		A00000000000000000000052 /* Release */ = {
			isa = XCBuildConfiguration;
			buildSettings = {
				ALWAYS_SEARCH_USER_PATHS = NO;
				CLANG_ANALYZER_NONNULL = YES;
				CLANG_ANALYZER_NUMBER_OBJECT_CONVERSION = YES_AGGRESSIVE;
				CLANG_CXX_LANGUAGE_STANDARD = "gnu++20";
				CLANG_ENABLE_MODULES = YES;
				CLANG_ENABLE_OBJC_ARC = YES;
				CLANG_ENABLE_OBJC_WEAK = YES;
				CLANG_WARN_BLOCK_CAPTURE_AUTORELEASING = YES;
				CLANG_WARN_BOOL_CONVERSION = YES;
				CLANG_WARN_COMMA = YES;
				CLANG_WARN_CONSTANT_CONVERSION = YES;
				CLANG_WARN_DEPRECATED_OBJC_IMPLEMENTATIONS = YES;
				CLANG_WARN_DIRECT_OBJC_ISA_USAGE = YES_ERROR;
				CLANG_WARN_DOCUMENTATION_COMMENTS = YES;
				CLANG_WARN_EMPTY_BODY = YES;
				CLANG_WARN_ENUM_CONVERSION = YES;
				CLANG_WARN_INFINITE_RECURSION = YES;
				CLANG_WARN_INT_CONVERSION = YES;
				CLANG_WARN_NON_LITERAL_NULL_CONVERSION = YES;
				CLANG_WARN_OBJC_IMPLICIT_RETAIN_SELF = YES;
				CLANG_WARN_OBJC_LITERAL_CONVERSION = YES;
				CLANG_WARN_OBJC_ROOT_CLASS = YES_ERROR;
				CLANG_WARN_QUOTED_INCLUDE_IN_FRAMEWORK_HEADER = YES;
				CLANG_WARN_RANGE_LOOP_ANALYSIS = YES;
				CLANG_WARN_STRICT_PROTOTYPES = YES;
				CLANG_WARN_SUSPICIOUS_MOVE = YES;
				CLANG_WARN_UNGUARDED_AVAILABILITY = YES_AGGRESSIVE;
				CLANG_WARN_UNREACHABLE_CODE = YES;
				CLANG_WARN__DUPLICATE_METHOD_MATCH = YES;
				COPY_PHASE_STRIP = NO;
				DEBUG_INFORMATION_FORMAT = "dwarf-with-dsym";
				ENABLE_NS_ASSERTIONS = NO;
				ENABLE_STRICT_OBJC_MSGSEND = YES;
				ENABLE_USER_SCRIPT_SANDBOXING = YES;
				GCC_C_LANGUAGE_STANDARD = gnu17;
				GCC_NO_COMMON_BLOCKS = YES;
				GCC_WARN_64_TO_32_BIT_CONVERSION = YES;
				GCC_WARN_ABOUT_RETURN_TYPE = YES_ERROR;
				GCC_WARN_UNDECLARED_SELECTOR = YES;
				GCC_WARN_UNINITIALIZED_AUTOS = YES_AGGRESSIVE;
				GCC_WARN_UNUSED_FUNCTION = YES;
				GCC_WARN_UNUSED_VARIABLE = YES;
				IPHONEOS_DEPLOYMENT_TARGET = 17.0;
				SDKROOT = iphoneos;
				SWIFT_COMPILATION_MODE = wholemodule;
				VALIDATE_PRODUCT = YES;
			};
			name = Release;
		};
		A00000000000000000000061 /* Debug */ = {
			isa = XCBuildConfiguration;
			buildSettings = {
				ASSETCATALOG_COMPILER_APPICON_NAME = AppIcon;
				CODE_SIGN_STYLE = Automatic;
				CURRENT_PROJECT_VERSION = 1;
				DEVELOPMENT_ASSET_PATHS = "";
				GENERATE_INFOPLIST_FILE = NO;
				INFOPLIST_FILE = KilatRunner/Resources/Info.plist;
				IPHONEOS_DEPLOYMENT_TARGET = 17.0;
				LD_RUNPATH_SEARCH_PATHS = (
					"$(inherited)",
					"@executable_path/Frameworks",
				);
				MARKETING_VERSION = 1.0;
				PRODUCT_BUNDLE_IDENTIFIER = my.kilat.KilatRunner;
				PRODUCT_NAME = "$(TARGET_NAME)";
				SDKROOT = iphoneos;
				SUPPORTED_PLATFORMS = "iphoneos iphonesimulator";
				SWIFT_EMIT_LOC_STRINGS = YES;
				SWIFT_VERSION = 5.0;
				TARGETED_DEVICE_FAMILY = "1,2";
			};
			name = Debug;
		};
		A00000000000000000000062 /* Release */ = {
			isa = XCBuildConfiguration;
			buildSettings = {
				ASSETCATALOG_COMPILER_APPICON_NAME = AppIcon;
				CODE_SIGN_STYLE = Automatic;
				CURRENT_PROJECT_VERSION = 1;
				GENERATE_INFOPLIST_FILE = NO;
				INFOPLIST_FILE = KilatRunner/Resources/Info.plist;
				IPHONEOS_DEPLOYMENT_TARGET = 17.0;
				LD_RUNPATH_SEARCH_PATHS = (
					"$(inherited)",
					"@executable_path/Frameworks",
				);
				MARKETING_VERSION = 1.0;
				PRODUCT_BUNDLE_IDENTIFIER = my.kilat.KilatRunner;
				PRODUCT_NAME = "$(TARGET_NAME)";
				SDKROOT = iphoneos;
				SUPPORTED_PLATFORMS = "iphoneos iphonesimulator";
				SWIFT_EMIT_LOC_STRINGS = YES;
				SWIFT_VERSION = 5.0;
				TARGETED_DEVICE_FAMILY = "1,2";
			};
			name = Release;
		};
		A00000000000000000000071 /* Debug */ = {
			isa = XCBuildConfiguration;
			buildSettings = {
				BUNDLE_LOADER = "$(TEST_HOST)";
				CODE_SIGN_STYLE = Automatic;
				CURRENT_PROJECT_VERSION = 1;
				GENERATE_INFOPLIST_FILE = YES;
				IPHONEOS_DEPLOYMENT_TARGET = 17.0;
				LD_RUNPATH_SEARCH_PATHS = (
					"$(inherited)",
					"@executable_path/Frameworks",
					"@loader_path/Frameworks",
				);
				MARKETING_VERSION = 1.0;
				PRODUCT_BUNDLE_IDENTIFIER = my.kilat.KilatRunnerTests;
				PRODUCT_NAME = "$(TARGET_NAME)";
				SDKROOT = iphoneos;
				SUPPORTED_PLATFORMS = "iphoneos iphonesimulator";
				SWIFT_VERSION = 5.0;
				TARGETED_DEVICE_FAMILY = "1,2";
				TEST_HOST = "$(BUILT_PRODUCTS_DIR)/KilatRunner.app/$(BUNDLE_EXECUTABLE_FOLDER_PATH)/KilatRunner";
			};
			name = Debug;
		};
		A00000000000000000000072 /* Release */ = {
			isa = XCBuildConfiguration;
			buildSettings = {
				BUNDLE_LOADER = "$(TEST_HOST)";
				CODE_SIGN_STYLE = Automatic;
				CURRENT_PROJECT_VERSION = 1;
				GENERATE_INFOPLIST_FILE = YES;
				IPHONEOS_DEPLOYMENT_TARGET = 17.0;
				LD_RUNPATH_SEARCH_PATHS = (
					"$(inherited)",
					"@executable_path/Frameworks",
					"@loader_path/Frameworks",
				);
				MARKETING_VERSION = 1.0;
				PRODUCT_BUNDLE_IDENTIFIER = my.kilat.KilatRunnerTests;
				PRODUCT_NAME = "$(TARGET_NAME)";
				SDKROOT = iphoneos;
				SUPPORTED_PLATFORMS = "iphoneos iphonesimulator";
				SWIFT_VERSION = 5.0;
				TARGETED_DEVICE_FAMILY = "1,2";
				TEST_HOST = "$(BUILT_PRODUCTS_DIR)/KilatRunner.app/$(BUNDLE_EXECUTABLE_FOLDER_PATH)/KilatRunner";
			};
			name = Release;
		};
/* End XCBuildConfiguration section */

/* Begin XCConfigurationList section */
		A00000000000000000000050 /* Build configuration list for PBXProject "KilatRunner" */ = {
			isa = XCConfigurationList;
			buildConfigurations = (
				A00000000000000000000051 /* Debug */,
				A00000000000000000000052 /* Release */,
			);
			defaultConfigurationIsVisible = 0;
			defaultConfigurationName = Release;
		};
		A00000000000000000000060 /* Build configuration list for PBXNativeTarget "KilatRunner" */ = {
			isa = XCConfigurationList;
			buildConfigurations = (
				A00000000000000000000061 /* Debug */,
				A00000000000000000000062 /* Release */,
			);
			defaultConfigurationIsVisible = 0;
			defaultConfigurationName = Release;
		};
		A00000000000000000000070 /* Build configuration list for PBXNativeTarget "KilatRunnerTests" */ = {
			isa = XCConfigurationList;
			buildConfigurations = (
				A00000000000000000000071 /* Debug */,
				A00000000000000000000072 /* Release */,
			);
			defaultConfigurationIsVisible = 0;
			defaultConfigurationName = Release;
		};
/* End XCConfigurationList section */
	};
	rootObject = A00000000000000000000030 /* Project object */;
}
